// !$*UTF8*$!
{
	archiveVersion = 1;
	classes = {
	};
	objectVersion = 60;
	objects = {

/* Begin PBXBuildFile section */
		515642E72AF167E900E1CB91 /* CrynonDemoGameApp.swift in Sources */ = {isa = PBXBuildFile; fileRef = 515642E62AF167E900E1CB91 /* CrynonDemoGameApp.swift */; };
		515642EB2AF167EA00E1CB91 /* Assets.xcassets in Resources */ = {isa = PBXBuildFile; fileRef = 515642EA2AF167EA00E1CB91 /* Assets.xcassets */; };
		515642EE2AF167EA00E1CB91 /* Preview Assets.xcassets in Resources */ = {isa = PBXBuildFile; fileRef = 515642ED2AF167EA00E1CB91 /* Preview Assets.xcassets */; };
		515642F72AF16A7200E1CB91 /* Crynon in Frameworks */ = {isa = PBXBuildFile; productRef = 515642F62AF16A7200E1CB91 /* Crynon */; };
		515642F92AF2A83A00E1CB91 /* GameScene.swift in Sources */ = {isa = PBXBuildFile; fileRef = 515642F82AF2A83A00E1CB91 /* GameScene.swift */; };
		5162C26B2B03C53400BEF6C3 /* Player.swift in Sources */ = {isa = PBXBuildFile; fileRef = 5162C26A2B03C53400BEF6C3 /* Player.swift */; };
		5162C26D2B03CA5300BEF6C3 /* Bacteria.swift in Sources */ = {isa = PBXBuildFile; fileRef = 5162C26C2B03CA5300BEF6C3 /* Bacteria.swift */; };
		5162C26F2B03CED200BEF6C3 /* Cell.swift in Sources */ = {isa = PBXBuildFile; fileRef = 5162C26E2B03CED200BEF6C3 /* Cell.swift */; };
		517203692AF8160B007D07C3 /* Crynon in Frameworks */ = {isa = PBXBuildFile; productRef = 517203682AF8160B007D07C3 /* Crynon */; };
		5172036B2AF816BF007D07C3 /* hdr.png in Resources */ = {isa = PBXBuildFile; fileRef = 5172036A2AF816BF007D07C3 /* hdr.png */; };
		51E3FEF42B09F82F00725A7A /* Nucleus.obj in Resources */ = {isa = PBXBuildFile; fileRef = 51E3FEF12B09F82F00725A7A /* Nucleus.obj */; };
		51E3FEF52B09F82F00725A7A /* Nucleus.mtl in Resources */ = {isa = PBXBuildFile; fileRef = 51E3FEF22B09F82F00725A7A /* Nucleus.mtl */; };
		51E3FEF62B09F82F00725A7A /* NucleusColor.png in Resources */ = {isa = PBXBuildFile; fileRef = 51E3FEF32B09F82F00725A7A /* NucleusColor.png */; };
		51E3FEFA2B09F84C00725A7A /* CellMembraneColor.png in Resources */ = {isa = PBXBuildFile; fileRef = 51E3FEF72B09F84C00725A7A /* CellMembraneColor.png */; };
		51E3FEFB2B09F84C00725A7A /* CellMembrane.mtl in Resources */ = {isa = PBXBuildFile; fileRef = 51E3FEF82B09F84C00725A7A /* CellMembrane.mtl */; };
		51E3FEFC2B09F84C00725A7A /* CellMembrane.obj in Resources */ = {isa = PBXBuildFile; fileRef = 51E3FEF92B09F84C00725A7A /* CellMembrane.obj */; };
/* End PBXBuildFile section */

/* Begin PBXFileReference section */
		515642E32AF167E900E1CB91 /* CrynonDemoGame.app */ = {isa = PBXFileReference; explicitFileType = wrapper.application; includeInIndex = 0; path = CrynonDemoGame.app; sourceTree = BUILT_PRODUCTS_DIR; };
		515642E62AF167E900E1CB91 /* CrynonDemoGameApp.swift */ = {isa = PBXFileReference; lastKnownFileType = sourcecode.swift; path = CrynonDemoGameApp.swift; sourceTree = "<group>"; };
		515642EA2AF167EA00E1CB91 /* Assets.xcassets */ = {isa = PBXFileReference; lastKnownFileType = folder.assetcatalog; path = Assets.xcassets; sourceTree = "<group>"; };
		515642ED2AF167EA00E1CB91 /* Preview Assets.xcassets */ = {isa = PBXFileReference; lastKnownFileType = folder.assetcatalog; path = "Preview Assets.xcassets"; sourceTree = "<group>"; };
		515642EF2AF167EA00E1CB91 /* CrynonDemoGame.entitlements */ = {isa = PBXFileReference; lastKnownFileType = text.plist.entitlements; path = CrynonDemoGame.entitlements; sourceTree = "<group>"; };
		515642F82AF2A83A00E1CB91 /* GameScene.swift */ = {isa = PBXFileReference; lastKnownFileType = sourcecode.swift; path = GameScene.swift; sourceTree = "<group>"; };
		5162C26A2B03C53400BEF6C3 /* Player.swift */ = {isa = PBXFileReference; lastKnownFileType = sourcecode.swift; path = Player.swift; sourceTree = "<group>"; };
		5162C26C2B03CA5300BEF6C3 /* Bacteria.swift */ = {isa = PBXFileReference; lastKnownFileType = sourcecode.swift; path = Bacteria.swift; sourceTree = "<group>"; };
		5162C26E2B03CED200BEF6C3 /* Cell.swift */ = {isa = PBXFileReference; lastKnownFileType = sourcecode.swift; path = Cell.swift; sourceTree = "<group>"; };
		5172036A2AF816BF007D07C3 /* hdr.png */ = {isa = PBXFileReference; lastKnownFileType = image.png; path = hdr.png; sourceTree = "<group>"; };
		51E3FEF12B09F82F00725A7A /* Nucleus.obj */ = {isa = PBXFileReference; fileEncoding = 4; lastKnownFileType = text; path = Nucleus.obj; sourceTree = "<group>"; };
		51E3FEF22B09F82F00725A7A /* Nucleus.mtl */ = {isa = PBXFileReference; fileEncoding = 4; lastKnownFileType = text; path = Nucleus.mtl; sourceTree = "<group>"; };
		51E3FEF32B09F82F00725A7A /* NucleusColor.png */ = {isa = PBXFileReference; lastKnownFileType = image.png; path = NucleusColor.png; sourceTree = "<group>"; };
		51E3FEF72B09F84C00725A7A /* CellMembraneColor.png */ = {isa = PBXFileReference; lastKnownFileType = image.png; path = CellMembraneColor.png; sourceTree = "<group>"; };
		51E3FEF82B09F84C00725A7A /* CellMembrane.mtl */ = {isa = PBXFileReference; fileEncoding = 4; lastKnownFileType = text; path = CellMembrane.mtl; sourceTree = "<group>"; };
		51E3FEF92B09F84C00725A7A /* CellMembrane.obj */ = {isa = PBXFileReference; fileEncoding = 4; lastKnownFileType = text; path = CellMembrane.obj; sourceTree = "<group>"; };
/* End PBXFileReference section */

/* Begin PBXFrameworksBuildPhase section */
		515642E02AF167E900E1CB91 /* Frameworks */ = {
			isa = PBXFrameworksBuildPhase;
			buildActionMask = 2147483647;
			files = (
				515642F72AF16A7200E1CB91 /* Crynon in Frameworks */,
				517203692AF8160B007D07C3 /* Crynon in Frameworks */,
			);
			runOnlyForDeploymentPostprocessing = 0;
		};
/* End PBXFrameworksBuildPhase section */

/* Begin PBXGroup section */
		515642DA2AF167E900E1CB91 = {
			isa = PBXGroup;
			children = (
				515642E52AF167E900E1CB91 /* CrynonDemoGame */,
				515642E42AF167E900E1CB91 /* Products */,
			);
			sourceTree = "<group>";
		};
		515642E42AF167E900E1CB91 /* Products */ = {
			isa = PBXGroup;
			children = (
				515642E32AF167E900E1CB91 /* CrynonDemoGame.app */,
			);
			name = Products;
			sourceTree = "<group>";
		};
		515642E52AF167E900E1CB91 /* CrynonDemoGame */ = {
			isa = PBXGroup;
			children = (
				51ACF7DB2AFAC57D000D1C8D /* Content */,
				515642E62AF167E900E1CB91 /* CrynonDemoGameApp.swift */,
				515642EA2AF167EA00E1CB91 /* Assets.xcassets */,
				515642EF2AF167EA00E1CB91 /* CrynonDemoGame.entitlements */,
				515642EC2AF167EA00E1CB91 /* Preview Content */,
				515642F82AF2A83A00E1CB91 /* GameScene.swift */,
				5162C26A2B03C53400BEF6C3 /* Player.swift */,
				5162C26C2B03CA5300BEF6C3 /* Bacteria.swift */,
				5162C26E2B03CED200BEF6C3 /* Cell.swift */,
			);
			path = CrynonDemoGame;
			sourceTree = "<group>";
		};
		515642EC2AF167EA00E1CB91 /* Preview Content */ = {
			isa = PBXGroup;
			children = (
				515642ED2AF167EA00E1CB91 /* Preview Assets.xcassets */,
			);
			path = "Preview Content";
			sourceTree = "<group>";
		};
		51ACF7DB2AFAC57D000D1C8D /* Content */ = {
			isa = PBXGroup;
			children = (
				5172036A2AF816BF007D07C3 /* hdr.png */,
				51ACF7DC2AFAC583000D1C8D /* Meshes */,
			);
			path = Content;
			sourceTree = "<group>";
		};
		51ACF7DC2AFAC583000D1C8D /* Meshes */ = {
			isa = PBXGroup;
			children = (
				51E3FEF82B09F84C00725A7A /* CellMembrane.mtl */,
				51E3FEF92B09F84C00725A7A /* CellMembrane.obj */,
				51E3FEF72B09F84C00725A7A /* CellMembraneColor.png */,
				51E3FEF22B09F82F00725A7A /* Nucleus.mtl */,
				51E3FEF12B09F82F00725A7A /* Nucleus.obj */,
				51E3FEF32B09F82F00725A7A /* NucleusColor.png */,
			);
			path = Meshes;
			sourceTree = "<group>";
		};
/* End PBXGroup section */

/* Begin PBXNativeTarget section */
		515642E22AF167E900E1CB91 /* CrynonDemoGame */ = {
			isa = PBXNativeTarget;
			buildConfigurationList = 515642F22AF167EA00E1CB91 /* Build configuration list for PBXNativeTarget "CrynonDemoGame" */;
			buildPhases = (
				515642DF2AF167E900E1CB91 /* Sources */,
				515642E02AF167E900E1CB91 /* Frameworks */,
				515642E12AF167E900E1CB91 /* Resources */,
			);
			buildRules = (
			);
			dependencies = (
			);
			name = CrynonDemoGame;
			packageProductDependencies = (
				515642F62AF16A7200E1CB91 /* Crynon */,
				517203682AF8160B007D07C3 /* Crynon */,
			);
			productName = CrynonDemoGame;
			productReference = 515642E32AF167E900E1CB91 /* CrynonDemoGame.app */;
			productType = "com.apple.product-type.application";
		};
/* End PBXNativeTarget section */

/* Begin PBXProject section */
		515642DB2AF167E900E1CB91 /* Project object */ = {
			isa = PBXProject;
			attributes = {
				BuildIndependentTargetsInParallel = 1;
				LastSwiftUpdateCheck = 1500;
				LastUpgradeCheck = 1500;
				TargetAttributes = {
					515642E22AF167E900E1CB91 = {
						CreatedOnToolsVersion = 15.0.1;
					};
				};
			};
			buildConfigurationList = 515642DE2AF167E900E1CB91 /* Build configuration list for PBXProject "CrynonDemoGame" */;
			compatibilityVersion = "Xcode 14.0";
			developmentRegion = en;
			hasScannedForEncodings = 0;
			knownRegions = (
				en,
				Base,
			);
			mainGroup = 515642DA2AF167E900E1CB91;
			packageReferences = (
				517203672AF8160B007D07C3 /* XCLocalSwiftPackageReference "../Crynon/Crynon" */,
			);
			productRefGroup = 515642E42AF167E900E1CB91 /* Products */;
			projectDirPath = "";
			projectRoot = "";
			targets = (
				515642E22AF167E900E1CB91 /* CrynonDemoGame */,
			);
		};
/* End PBXProject section */

/* Begin PBXResourcesBuildPhase section */
		515642E12AF167E900E1CB91 /* Resources */ = {
			isa = PBXResourcesBuildPhase;
			buildActionMask = 2147483647;
			files = (
				51E3FEF62B09F82F00725A7A /* NucleusColor.png in Resources */,
				51E3FEF52B09F82F00725A7A /* Nucleus.mtl in Resources */,
				51E3FEFB2B09F84C00725A7A /* CellMembrane.mtl in Resources */,
				5172036B2AF816BF007D07C3 /* hdr.png in Resources */,
				515642EE2AF167EA00E1CB91 /* Preview Assets.xcassets in Resources */,
				51E3FEFC2B09F84C00725A7A /* CellMembrane.obj in Resources */,
				515642EB2AF167EA00E1CB91 /* Assets.xcassets in Resources */,
				51E3FEFA2B09F84C00725A7A /* CellMembraneColor.png in Resources */,
				51E3FEF42B09F82F00725A7A /* Nucleus.obj in Resources */,
			);
			runOnlyForDeploymentPostprocessing = 0;
		};
/* End PBXResourcesBuildPhase section */

/* Begin PBXSourcesBuildPhase section */
		515642DF2AF167E900E1CB91 /* Sources */ = {
			isa = PBXSourcesBuildPhase;
			buildActionMask = 2147483647;
			files = (
				5162C26D2B03CA5300BEF6C3 /* Bacteria.swift in Sources */,
				515642F92AF2A83A00E1CB91 /* GameScene.swift in Sources */,
				5162C26F2B03CED200BEF6C3 /* Cell.swift in Sources */,
				5162C26B2B03C53400BEF6C3 /* Player.swift in Sources */,
				515642E72AF167E900E1CB91 /* CrynonDemoGameApp.swift in Sources */,
			);
			runOnlyForDeploymentPostprocessing = 0;
		};
/* End PBXSourcesBuildPhase section */

/* Begin XCBuildConfiguration section */
		515642F02AF167EA00E1CB91 /* Debug */ = {
			isa = XCBuildConfiguration;
			buildSettings = {
				ALWAYS_SEARCH_USER_PATHS = NO;
				ASSETCATALOG_COMPILER_GENERATE_SWIFT_ASSET_SYMBOL_EXTENSIONS = YES;
				CLANG_ANALYZER_NONNULL = YES;
				CLANG_ANALYZER_NUMBER_OBJECT_CONVERSION = YES_AGGRESSIVE;
				CLANG_CXX_LANGUAGE_STANDARD = "gnu++20";
				CLANG_ENABLE_MODULES = YES;
				CLANG_ENABLE_OBJC_ARC = YES;
				CLANG_ENABLE_OBJC_WEAK = YES;
				CLANG_WARN_BLOCK_CAPTURE_AUTORELEASING = YES;
				CLANG_WARN_BOOL_CONVERSION = YES;
				CLANG_WARN_COMMA = YES;
				CLANG_WARN_CONSTANT_CONVERSION = YES;
				CLANG_WARN_DEPRECATED_OBJC_IMPLEMENTATIONS = YES;
				CLANG_WARN_DIRECT_OBJC_ISA_USAGE = YES_ERROR;
				CLANG_WARN_DOCUMENTATION_COMMENTS = YES;
				CLANG_WARN_EMPTY_BODY = YES;
				CLANG_WARN_ENUM_CONVERSION = YES;
				CLANG_WARN_INFINITE_RECURSION = YES;
				CLANG_WARN_INT_CONVERSION = YES;
				CLANG_WARN_NON_LITERAL_NULL_CONVERSION = YES;
				CLANG_WARN_OBJC_IMPLICIT_RETAIN_SELF = YES;
				CLANG_WARN_OBJC_LITERAL_CONVERSION = YES;
				CLANG_WARN_OBJC_ROOT_CLASS = YES_ERROR;
				CLANG_WARN_QUOTED_INCLUDE_IN_FRAMEWORK_HEADER = YES;
				CLANG_WARN_RANGE_LOOP_ANALYSIS = YES;
				CLANG_WARN_STRICT_PROTOTYPES = YES;
				CLANG_WARN_SUSPICIOUS_MOVE = YES;
				CLANG_WARN_UNGUARDED_AVAILABILITY = YES_AGGRESSIVE;
				CLANG_WARN_UNREACHABLE_CODE = YES;
				CLANG_WARN__DUPLICATE_METHOD_MATCH = YES;
				COPY_PHASE_STRIP = NO;
				DEBUG_INFORMATION_FORMAT = dwarf;
				ENABLE_STRICT_OBJC_MSGSEND = YES;
				ENABLE_TESTABILITY = YES;
				ENABLE_USER_SCRIPT_SANDBOXING = YES;
				GCC_C_LANGUAGE_STANDARD = gnu17;
				GCC_DYNAMIC_NO_PIC = NO;
				GCC_NO_COMMON_BLOCKS = YES;
				GCC_OPTIMIZATION_LEVEL = 0;
				GCC_PREPROCESSOR_DEFINITIONS = (
					"DEBUG=1",
					"$(inherited)",
				);
				GCC_WARN_64_TO_32_BIT_CONVERSION = YES;
				GCC_WARN_ABOUT_RETURN_TYPE = YES_ERROR;
				GCC_WARN_UNDECLARED_SELECTOR = YES;
				GCC_WARN_UNINITIALIZED_AUTOS = YES_AGGRESSIVE;
				GCC_WARN_UNUSED_FUNCTION = YES;
				GCC_WARN_UNUSED_VARIABLE = YES;
				LOCALIZATION_PREFERS_STRING_CATALOGS = YES;
				MACOSX_DEPLOYMENT_TARGET = 14.0;
				MTL_ENABLE_DEBUG_INFO = INCLUDE_SOURCE;
				MTL_FAST_MATH = YES;
				ONLY_ACTIVE_ARCH = YES;
				SDKROOT = macosx;
				SWIFT_ACTIVE_COMPILATION_CONDITIONS = "DEBUG $(inherited)";
				SWIFT_OPTIMIZATION_LEVEL = "-Onone";
			};
			name = Debug;
		};
		515642F12AF167EA00E1CB91 /* Release */ = {
			isa = XCBuildConfiguration;
			buildSettings = {
				ALWAYS_SEARCH_USER_PATHS = NO;
				ASSETCATALOG_COMPILER_GENERATE_SWIFT_ASSET_SYMBOL_EXTENSIONS = YES;
				CLANG_ANALYZER_NONNULL = YES;
				CLANG_ANALYZER_NUMBER_OBJECT_CONVERSION = YES_AGGRESSIVE;
				CLANG_CXX_LANGUAGE_STANDARD = "gnu++20";
				CLANG_ENABLE_MODULES = YES;
				CLANG_ENABLE_OBJC_ARC = YES;
				CLANG_ENABLE_OBJC_WEAK = YES;
				CLANG_WARN_BLOCK_CAPTURE_AUTORELEASING = YES;
				CLANG_WARN_BOOL_CONVERSION = YES;
				CLANG_WARN_COMMA = YES;
				CLANG_WARN_CONSTANT_CONVERSION = YES;
				CLANG_WARN_DEPRECATED_OBJC_IMPLEMENTATIONS = YES;
				CLANG_WARN_DIRECT_OBJC_ISA_USAGE = YES_ERROR;
				CLANG_WARN_DOCUMENTATION_COMMENTS = YES;
				CLANG_WARN_EMPTY_BODY = YES;
				CLANG_WARN_ENUM_CONVERSION = YES;
				CLANG_WARN_INFINITE_RECURSION = YES;
				CLANG_WARN_INT_CONVERSION = YES;
				CLANG_WARN_NON_LITERAL_NULL_CONVERSION = YES;
				CLANG_WARN_OBJC_IMPLICIT_RETAIN_SELF = YES;
				CLANG_WARN_OBJC_LITERAL_CONVERSION = YES;
				CLANG_WARN_OBJC_ROOT_CLASS = YES_ERROR;
				CLANG_WARN_QUOTED_INCLUDE_IN_FRAMEWORK_HEADER = YES;
				CLANG_WARN_RANGE_LOOP_ANALYSIS = YES;
				CLANG_WARN_STRICT_PROTOTYPES = YES;
				CLANG_WARN_SUSPICIOUS_MOVE = YES;
				CLANG_WARN_UNGUARDED_AVAILABILITY = YES_AGGRESSIVE;
				CLANG_WARN_UNREACHABLE_CODE = YES;
				CLANG_WARN__DUPLICATE_METHOD_MATCH = YES;
				COPY_PHASE_STRIP = NO;
				DEBUG_INFORMATION_FORMAT = "dwarf-with-dsym";
				ENABLE_NS_ASSERTIONS = NO;
				ENABLE_STRICT_OBJC_MSGSEND = YES;
				ENABLE_USER_SCRIPT_SANDBOXING = YES;
				GCC_C_LANGUAGE_STANDARD = gnu17;
				GCC_NO_COMMON_BLOCKS = YES;
				GCC_WARN_64_TO_32_BIT_CONVERSION = YES;
				GCC_WARN_ABOUT_RETURN_TYPE = YES_ERROR;
				GCC_WARN_UNDECLARED_SELECTOR = YES;
				GCC_WARN_UNINITIALIZED_AUTOS = YES_AGGRESSIVE;
				GCC_WARN_UNUSED_FUNCTION = YES;
				GCC_WARN_UNUSED_VARIABLE = YES;
				LOCALIZATION_PREFERS_STRING_CATALOGS = YES;
				MACOSX_DEPLOYMENT_TARGET = 14.0;
				MTL_ENABLE_DEBUG_INFO = NO;
				MTL_FAST_MATH = YES;
				SDKROOT = macosx;
				SWIFT_COMPILATION_MODE = wholemodule;
			};
			name = Release;
		};
		515642F32AF167EA00E1CB91 /* Debug */ = {
			isa = XCBuildConfiguration;
			buildSettings = {
				ASSETCATALOG_COMPILER_APPICON_NAME = AppIcon;
				ASSETCATALOG_COMPILER_GLOBAL_ACCENT_COLOR_NAME = AccentColor;
				CODE_SIGN_ENTITLEMENTS = CrynonDemoGame/CrynonDemoGame.entitlements;
				CODE_SIGN_STYLE = Automatic;
				COMBINE_HIDPI_IMAGES = YES;
				CURRENT_PROJECT_VERSION = 1;
				DEVELOPMENT_ASSET_PATHS = "\"CrynonDemoGame/Preview Content\"";
				DEVELOPMENT_TEAM = B8J394Q4M8;
				ENABLE_HARDENED_RUNTIME = YES;
				ENABLE_PREVIEWS = YES;
				GENERATE_INFOPLIST_FILE = YES;
				GENERATE_PROFILING_CODE = YES;
				INFOPLIST_KEY_CFBundleDisplayName = Endosymbiosis;
				INFOPLIST_KEY_LSApplicationCategoryType = "public.app-category.educational-games";
				INFOPLIST_KEY_MetalCaptureEnabled = NO;
				INFOPLIST_KEY_NSHumanReadableCopyright = "";
				LD_RUNPATH_SEARCH_PATHS = (
					"$(inherited)",
					"@executable_path/../Frameworks",
				);
				MARKETING_VERSION = 1.0;
				PRODUCT_BUNDLE_IDENTIFIER = com.KudeKube.CrynonDemoGame;
				PRODUCT_NAME = "$(TARGET_NAME)";
				SWIFT_EMIT_LOC_STRINGS = YES;
				SWIFT_VERSION = 5.0;
			};
			name = Debug;
		};
		515642F42AF167EA00E1CB91 /* Release */ = {
			isa = XCBuildConfiguration;
			buildSettings = {
				ASSETCATALOG_COMPILER_APPICON_NAME = AppIcon;
				ASSETCATALOG_COMPILER_GLOBAL_ACCENT_COLOR_NAME = AccentColor;
				CODE_SIGN_ENTITLEMENTS = CrynonDemoGame/CrynonDemoGame.entitlements;
				CODE_SIGN_STYLE = Automatic;
				COMBINE_HIDPI_IMAGES = YES;
				CURRENT_PROJECT_VERSION = 1;
				DEVELOPMENT_ASSET_PATHS = "\"CrynonDemoGame/Preview Content\"";
				DEVELOPMENT_TEAM = B8J394Q4M8;
				ENABLE_HARDENED_RUNTIME = YES;
				ENABLE_PREVIEWS = YES;
				GENERATE_INFOPLIST_FILE = YES;
				GENERATE_PROFILING_CODE = YES;
				INFOPLIST_KEY_CFBundleDisplayName = Endosymbiosis;
				INFOPLIST_KEY_LSApplicationCategoryType = "public.app-category.educational-games";
				INFOPLIST_KEY_MetalCaptureEnabled = NO;
				INFOPLIST_KEY_NSHumanReadableCopyright = "";
				LD_RUNPATH_SEARCH_PATHS = (
					"$(inherited)",
					"@executable_path/../Frameworks",
				);
				MARKETING_VERSION = 1.0;
				PRODUCT_BUNDLE_IDENTIFIER = com.KudeKube.CrynonDemoGame;
				PRODUCT_NAME = "$(TARGET_NAME)";
				SWIFT_EMIT_LOC_STRINGS = YES;
				SWIFT_VERSION = 5.0;
			};
			name = Release;
		};
/* End XCBuildConfiguration section */

/* Begin XCConfigurationList section */
		515642DE2AF167E900E1CB91 /* Build configuration list for PBXProject "CrynonDemoGame" */ = {
			isa = XCConfigurationList;
			buildConfigurations = (
				515642F02AF167EA00E1CB91 /* Debug */,
				515642F12AF167EA00E1CB91 /* Release */,
			);
			defaultConfigurationIsVisible = 0;
			defaultConfigurationName = Release;
		};
		515642F22AF167EA00E1CB91 /* Build configuration list for PBXNativeTarget "CrynonDemoGame" */ = {
			isa = XCConfigurationList;
			buildConfigurations = (
				515642F32AF167EA00E1CB91 /* Debug */,
				515642F42AF167EA00E1CB91 /* Release */,
			);
			defaultConfigurationIsVisible = 0;
			defaultConfigurationName = Release;
		};
/* End XCConfigurationList section */

/* Begin XCLocalSwiftPackageReference section */
		517203672AF8160B007D07C3 /* XCLocalSwiftPackageReference "../Crynon/Crynon" */ = {
			isa = XCLocalSwiftPackageReference;
			relativePath = ../Crynon/Crynon;
		};
/* End XCLocalSwiftPackageReference section */

/* Begin XCSwiftPackageProductDependency section */
		515642F62AF16A7200E1CB91 /* Crynon */ = {
			isa = XCSwiftPackageProductDependency;
			productName = Crynon;
		};
		517203682AF8160B007D07C3 /* Crynon */ = {
			isa = XCSwiftPackageProductDependency;
			productName = Crynon;
		};
/* End XCSwiftPackageProductDependency section */
	};
	rootObject = 515642DB2AF167E900E1CB91 /* Project object */;
}
